PODS:
  - Differentiator (2.0.2)
  - HMEventSourceManager/Main (1.0.0):
    - ReachabilitySwift
    - RxReachability
    - SwiftUtilities/Main
  - HMReactiveRedux/Main (1.0.0):
    - SwiftUtilities/Main
  - MRProgress (0.8.3):
    - MRProgress/ActivityIndicator (= 0.8.3)
    - MRProgress/Blur (= 0.8.3)
    - MRProgress/Circular (= 0.8.3)
    - MRProgress/Icons (= 0.8.3)
    - MRProgress/NavigationBarProgress (= 0.8.3)
    - MRProgress/Overlay (= 0.8.3)
  - MRProgress/ActivityIndicator (0.8.3):
    - MRProgress/Stopable
  - MRProgress/Blur (0.8.3):
    - MRProgress/Helper
  - MRProgress/Circular (0.8.3):
    - MRProgress/Helper
    - MRProgress/ProgressBaseClass
    - MRProgress/Stopable
  - MRProgress/Helper (0.8.3)
  - MRProgress/Icons (0.8.3)
  - MRProgress/NavigationBarProgress (0.8.3):
    - MRProgress/ProgressBaseClass
  - MRProgress/Overlay (0.8.3):
    - MRProgress/ActivityIndicator
    - MRProgress/Blur
    - MRProgress/Circular
    - MRProgress/Helper
    - MRProgress/Icons
  - MRProgress/ProgressBaseClass (0.8.3)
  - MRProgress/Stopable (0.8.3):
    - MRProgress/Helper
  - ReachabilitySwift (3)
  - RxBlocking (3.6.1):
    - RxSwift (~> 3.6)
  - RxCocoa (3.6.1):
    - RxSwift (~> 3.6)
  - RxDataSources (2.0.2):
    - Differentiator (~> 2.0)
    - RxCocoa (>= 3.6.1)
    - RxSwift (>= 3.6.1)
  - RxReachability (0.1.3):
    - ReachabilitySwift (~> 3)
    - RxCocoa (~> 3)
    - RxSwift (~> 3)
  - RxSwift (3.6.1)
  - RxTest (3.6.1):
    - RxSwift (~> 3.6)
  - SwiftUIUtilities/Main (1.6.0):
    - SwiftUtilities/Main
  - SwiftUtilities/Main (1.4.5):
    - RxBlocking (~> 3.0)
    - RxCocoa (~> 3.0)
    - RxSwift (~> 3.0)
  - SwiftUtilitiesTests/Main (1.4.5):
    - RxBlocking (~> 3.0)
    - RxCocoa (~> 3.0)
    - RxSwift (~> 3.0)
    - RxTest (~> 3.0)

DEPENDENCIES:
  - Differentiator
  - HMEventSourceManager/Main (from `https://github.com/Holmusk/HMEventSourceManager-iOS.git`)
  - HMReactiveRedux/Main (from `https://github.com/Holmusk/HMReactiveRedux-iOS.git`)
  - MRProgress
  - ReachabilitySwift
  - RxDataSources
  - SwiftUIUtilities/Main (from `https://github.com/protoman92/SwiftUIUtilities.git`)
  - SwiftUtilities/Main (from `https://github.com/protoman92/SwiftUtilities.git`)
  - SwiftUtilitiesTests/Main

EXTERNAL SOURCES:
  HMEventSourceManager:
    :git: https://github.com/Holmusk/HMEventSourceManager-iOS.git
  HMReactiveRedux:
    :git: https://github.com/Holmusk/HMReactiveRedux-iOS.git
  SwiftUIUtilities:
    :git: https://github.com/protoman92/SwiftUIUtilities.git
  SwiftUtilities:
    :git: https://github.com/protoman92/SwiftUtilities.git

CHECKOUT OPTIONS:
  HMEventSourceManager:
    :commit: c5b0dc4141c23b645b75e6dd7ebf272384e5689a
    :git: https://github.com/Holmusk/HMEventSourceManager-iOS.git
  HMReactiveRedux:
    :commit: 05b3ad64bcc02bdca822edd7ff81dd3e181e9172
    :git: https://github.com/Holmusk/HMReactiveRedux-iOS.git
  SwiftUIUtilities:
    :commit: c61523950d92ba1f16f2f68e7ab34ecfbbe540d6
    :git: https://github.com/protoman92/SwiftUIUtilities.git
  SwiftUtilities:
    :commit: 18d4bbe1368555569822681f18dd167e5d3c32e4
    :git: https://github.com/protoman92/SwiftUtilities.git

SPEC CHECKSUMS:
  Differentiator: caa9b3957981a2ac8e6b2eac8a676af461caa604
  HMEventSourceManager: e91abf386747445d67419546f0f498001c5b619c
  HMReactiveRedux: 7d93a35bbf8eca71782c677424261b87a47b971b
  MRProgress: 16de7cc9f347e8846797a770db102a323fe7ef09
  ReachabilitySwift: f5b9bb30a0777fac8f09ce8b067e32faeb29bb64
  RxBlocking: 4f4bd5732e8b952e54ae8a57739bcfb645de12bc
  RxCocoa: 84a08739ab186248c7f31ce4ee92d6f8a947d690
  RxDataSources: 7f190474a93a206c082c2d74c4cc9c8f7bea4feb
  RxReachability: 0e781fc978c3c850dda6cafa2c5956ff806a1fcc
  RxSwift: f9de85ea20cd2f7716ee5409fc13523dc638e4e4
  RxTest: 1d00348a7848c91ab5bf5d197d2378aa6b2bb356
  SwiftUIUtilities: 4c540492fe56917d38beacf9a02b5d54c4dcba19
  SwiftUtilities: ef0087625fe58fb8909af372111e23461d10af55
  SwiftUtilitiesTests: cc224ef1ef1b455dc89bc43358d999e56ffbec00

PODFILE CHECKSUM: 3cda6732f55331491538e69f3608a407298d4887

COCOAPODS: 1.4.0.rc.1
