PODS:
  - Differentiator (3.0.2)
  - HMEventSourceManager/Main (1.0.0):
    - ReachabilitySwift
    - RxReachability
    - SwiftFP/Main
    - SwiftUtilities/Main+Rx
  - HMReactiveRedux/Main+Rx (1.0.0):
    - SwiftUtilities/Main+Rx
  - MRProgress (0.8.3):
    - MRProgress/ActivityIndicator (= 0.8.3)
    - MRProgress/Blur (= 0.8.3)
    - MRProgress/Circular (= 0.8.3)
    - MRProgress/Icons (= 0.8.3)
    - MRProgress/NavigationBarProgress (= 0.8.3)
    - MRProgress/Overlay (= 0.8.3)
  - MRProgress/ActivityIndicator (0.8.3):
    - MRProgress/Stopable
  - MRProgress/Blur (0.8.3):
    - MRProgress/Helper
  - MRProgress/Circular (0.8.3):
    - MRProgress/Helper
    - MRProgress/ProgressBaseClass
    - MRProgress/Stopable
  - MRProgress/Helper (0.8.3)
  - MRProgress/Icons (0.8.3)
  - MRProgress/NavigationBarProgress (0.8.3):
    - MRProgress/ProgressBaseClass
  - MRProgress/Overlay (0.8.3):
    - MRProgress/ActivityIndicator
    - MRProgress/Blur
    - MRProgress/Circular
    - MRProgress/Helper
    - MRProgress/Icons
  - MRProgress/ProgressBaseClass (0.8.3)
  - MRProgress/Stopable (0.8.3):
    - MRProgress/Helper
  - ReachabilitySwift (4.1.0)
  - RxBlocking (4.1.2):
    - RxSwift (~> 4.0)
  - RxCocoa (4.1.2):
    - RxSwift (~> 4.0)
  - RxDataSources (3.0.2):
    - Differentiator (~> 3.0)
    - RxCocoa (~> 4.0)
    - RxSwift (~> 4.0)
  - RxReachability (0.1.4):
    - ReachabilitySwift (~> 4)
    - RxCocoa (~> 4)
    - RxSwift (~> 4)
  - RxSwift (4.1.2)
  - RxTest (4.1.2):
    - RxSwift (~> 4.0)
  - SwiftFP (1.0.1):
    - SwiftFP/Main (= 1.0.1)
  - SwiftFP/Main (1.0.1)
  - SwiftUIUtilities/Main (1.6.0):
    - SwiftUtilities/Main
  - SwiftUtilities/Main (1.4.6):
    - SwiftFP (~> 1.0.1)
  - SwiftUtilities/Main+Rx (1.4.6):
    - RxBlocking (~> 4.0)
    - RxCocoa (~> 4.0)
    - RxSwift (~> 4.0)
    - SwiftFP (~> 1.0.1)
  - SwiftUtilitiesTests/Main+Rx (1.4.6):
    - RxBlocking (~> 4.0)
    - RxCocoa (~> 4.0)
    - RxSwift (~> 4.0)
    - RxTest (~> 4.0)

DEPENDENCIES:
  - Differentiator
  - HMEventSourceManager/Main (from `https://github.com/protoman92/HMEventSourceManager-iOS.git`)
  - HMReactiveRedux/Main+Rx (from `https://github.com/protoman92/HMReactiveRedux-iOS.git`)
  - MRProgress
  - RxDataSources
  - RxReachability (from `https://github.com/ivanbruel/RxReachability.git`)
  - SwiftUIUtilities/Main (from `https://github.com/protoman92/SwiftUIUtilities.git`)
  - SwiftUtilities/Main+Rx (from `https://github.com/protoman92/SwiftUtilities.git`)
  - SwiftUtilitiesTests/Main+Rx (from `https://github.com/protoman92/SwiftUtilities.git`)

EXTERNAL SOURCES:
  HMEventSourceManager:
    :git: https://github.com/protoman92/HMEventSourceManager-iOS.git
  HMReactiveRedux:
    :git: https://github.com/protoman92/HMReactiveRedux-iOS.git
  RxReachability:
    :git: https://github.com/ivanbruel/RxReachability.git
  SwiftUIUtilities:
    :git: https://github.com/protoman92/SwiftUIUtilities.git
  SwiftUtilities:
    :git: https://github.com/protoman92/SwiftUtilities.git
  SwiftUtilitiesTests:
    :git: https://github.com/protoman92/SwiftUtilities.git

CHECKOUT OPTIONS:
  HMEventSourceManager:
    :commit: 964679ac4dcf41521468784d2fba84792a159228
    :git: https://github.com/protoman92/HMEventSourceManager-iOS.git
  HMReactiveRedux:
    :commit: 73728fe72c57fb3b8f9ed249c6e2a49506adc4a9
    :git: https://github.com/protoman92/HMReactiveRedux-iOS.git
  RxReachability:
    :commit: c44437ec43b62d435931608472430bbe0e5a2c92
    :git: https://github.com/ivanbruel/RxReachability.git
  SwiftUIUtilities:
    :commit: 853e12f880458dee034bc67b1f1abd69acad4565
    :git: https://github.com/protoman92/SwiftUIUtilities.git
  SwiftUtilities:
    :commit: 7a3e200e71ec3048177eced1e5eb1d201c9e2502
    :git: https://github.com/protoman92/SwiftUtilities.git
  SwiftUtilitiesTests:
    :commit: 7a3e200e71ec3048177eced1e5eb1d201c9e2502
    :git: https://github.com/protoman92/SwiftUtilities.git

SPEC CHECKSUMS:
  Differentiator: a87be69eba49ec4ab460c7671143ee3a9eececfd
  HMEventSourceManager: 663b7843158dab2c54651a5624c5890910324880
  HMReactiveRedux: d0046250c35c5c8ef16ee75186f56db5f639bcb1
  MRProgress: 16de7cc9f347e8846797a770db102a323fe7ef09
  ReachabilitySwift: 6849231cd4e06559f3b9ef4a97a0a0f96d41e09f
  RxBlocking: f6054985901412fc8c02daa84e92d4ba68c61389
  RxCocoa: d88ba0f1f6abf040011a9eb4b539324fc426843a
  RxDataSources: cb7c31e652a87ebb919da45f716bbb87b3765f6b
  RxReachability: 6e16525bd709156e3af76f12fd0d60ff887bbfc2
  RxSwift: e49536837d9901277638493ea537394d4b55f570
  RxTest: e634f15fd2c2cd0e0120132ef7a4f7be69ad0393
  SwiftFP: 25277c3c13de8b45771702a77443cd1d3c2761b2
  SwiftUIUtilities: 51fd079bfdf23bf4693e3364aa89f020afdbf47f
  SwiftUtilities: f7e2e01683284be61a2e5f2b2e5cfa9096cc6b5d
  SwiftUtilitiesTests: 51ad0d8703fbfa924ade7609453a2b4783f23f29

PODFILE CHECKSUM: d2917caa9a4298b6546da57f6918874212f815d4

COCOAPODS: 1.4.0
